
Microsoft Visual Studio Solution File, Format Version 12.00
# Visual Studio Version 17
VisualStudioVersion = 17.5.002.0
MinimumVisualStudioVersion = 10.0.40219.1
Project("{2150E333-8FDC-42A3-9474-1A3956D46DE8}") = "src", "src", "{204B08DD-36B0-4AA9-87B9-AD1223365256}"
EndProject
Project("{9A19103F-16F7-4668-BE54-9A1E7A4F7556}") = "Ecommerce.Notification", "src\Ecommerce.Notification\Ecommerce.Notification.csproj", "{EFF39DCF-E646-4B24-832B-A7E5CF817E3E}"
EndProject
Global
	GlobalSection(SolutionConfigurationPlatforms) = preSolution
		Debug|Any CPU = Debug|Any CPU
		Release|Any CPU = Release|Any CPU
	EndGlobalSection
	GlobalSection(ProjectConfigurationPlatforms) = postSolution
		{EFF39DCF-E646-4B24-832B-A7E5CF817E3E}.Debug|Any CPU.ActiveCfg = Debug|Any CPU
		{EFF39DCF-E646-4B24-832B-A7E5CF817E3E}.Debug|Any CPU.Build.0 = Debug|Any CPU
		{EFF39DCF-E646-4B24-832B-A7E5CF817E3E}.Release|Any CPU.ActiveCfg = Release|Any CPU
		{EFF39DCF-E646-4B24-832B-A7E5CF817E3E}.Release|Any CPU.Build.0 = Release|Any CPU
	EndGlobalSection
	GlobalSection(SolutionProperties) = preSolution
		HideSolutionNode = FALSE
	EndGlobalSection
	GlobalSection(NestedProjects) = preSolution
		{EFF39DCF-E646-4B24-832B-A7E5CF817E3E} = {204B08DD-36B0-4AA9-87B9-AD1223365256}
	EndGlobalSection
	GlobalSection(ExtensibilityGlobals) = postSolution
		SolutionGuid = {B784C8D9-4A6A-4090-9CCA-25D6F3233319}
	EndGlobalSection
EndGlobal
