
Microsoft Visual Studio Solution File, Format Version 12.00
# Visual Studio Version 17
VisualStudioVersion = 17.5.002.0
MinimumVisualStudioVersion = 10.0.40219.1
Project("{2150E333-8FDC-42A3-9474-1A3956D46DE8}") = "src", "src", "{11C33955-7F56-477E-92F6-5FC855D26054}"
EndProject
Project("{9A19103F-16F7-4668-BE54-9A1E7A4F7556}") = "Ecommerce.User", "src\Ecommerce.User\Ecommerce.User.csproj", "{5B1C83D8-3A36-4606-94FB-FE6403BFC3EF}"
EndProject
Project("{FAE04EC0-301F-11D3-BF4B-00C04F79EFBC}") = "contracts", "contracts\contracts.csproj", "{C1F8B7AA-4860-4494-90B0-C24DF5303350}"
EndProject
Global
	GlobalSection(SolutionConfigurationPlatforms) = preSolution
		Debug|Any CPU = Debug|Any CPU
		Release|Any CPU = Release|Any CPU
	EndGlobalSection
	GlobalSection(ProjectConfigurationPlatforms) = postSolution
		{5B1C83D8-3A36-4606-94FB-FE6403BFC3EF}.Debug|Any CPU.ActiveCfg = Debug|Any CPU
		{5B1C83D8-3A36-4606-94FB-FE6403BFC3EF}.Debug|Any CPU.Build.0 = Debug|Any CPU
		{5B1C83D8-3A36-4606-94FB-FE6403BFC3EF}.Release|Any CPU.ActiveCfg = Release|Any CPU
		{5B1C83D8-3A36-4606-94FB-FE6403BFC3EF}.Release|Any CPU.Build.0 = Release|Any CPU
		{C1F8B7AA-4860-4494-90B0-C24DF5303350}.Debug|Any CPU.ActiveCfg = Debug|Any CPU
		{C1F8B7AA-4860-4494-90B0-C24DF5303350}.Debug|Any CPU.Build.0 = Debug|Any CPU
		{C1F8B7AA-4860-4494-90B0-C24DF5303350}.Release|Any CPU.ActiveCfg = Release|Any CPU
		{C1F8B7AA-4860-4494-90B0-C24DF5303350}.Release|Any CPU.Build.0 = Release|Any CPU
	EndGlobalSection
	GlobalSection(SolutionProperties) = preSolution
		HideSolutionNode = FALSE
	EndGlobalSection
	GlobalSection(NestedProjects) = preSolution
		{5B1C83D8-3A36-4606-94FB-FE6403BFC3EF} = {11C33955-7F56-477E-92F6-5FC855D26054}
	EndGlobalSection
	GlobalSection(ExtensibilityGlobals) = postSolution
		SolutionGuid = {4B0361D2-8206-4B27-8993-BE135959C5BC}
	EndGlobalSection
EndGlobal
